<?xml version="1.0" encoding="utf-8"?>
<Project ToolsVersion="4.0" xmlns="http://schemas.microsoft.com/developer/msbuild/2003">
  <ItemGroup>
    <Filter Include="소스 파일">
      <UniqueIdentifier>{4FC737F1-C7A5-4376-A066-2A32D752A2FF}</UniqueIdentifier>
      <Extensions>cpp;c;cc;cxx;def;odl;idl;hpj;bat;asm;asmx</Extensions>
    </Filter>
    <Filter Include="헤더 파일">
      <UniqueIdentifier>{93995380-89BD-4b04-88EB-625FBE52EBFB}</UniqueIdentifier>
      <Extensions>h;hh;hpp;hxx;hm;inl;inc;ipp;xsd</Extensions>
    </Filter>
    <Filter Include="리소스 파일">
      <UniqueIdentifier>{67DA6AB6-F800-4c08-8B7A-83BB121AAD01}</UniqueIdentifier>
      <Extensions>rc;ico;cur;bmp;dlg;rc2;rct;bin;rgs;gif;jpg;jpeg;jpe;resx;tiff;tif;png;wav;mfcribbon-ms</Extensions>
    </Filter>
    <Filter Include="2DGameFramework">
      <UniqueIdentifier>{6f3d1e45-ab86-42a7-9a61-2bd45cd7872c}</UniqueIdentifier>
    </Filter>
    <Filter Include="playGround">
      <UniqueIdentifier>{95982806-068a-439b-ba72-8cb93f3609f5}</UniqueIdentifier>
    </Filter>
    <Filter Include="2DGameFramework\SingletonBase">
      <UniqueIdentifier>{fab0ad69-58ad-46bb-984d-736d10eee0f5}</UniqueIdentifier>
    </Filter>
    <Filter Include="2DGameFramework\Manager">
      <UniqueIdentifier>{05d340ae-7cae-42ce-831b-ae2b80a9b8c5}</UniqueIdentifier>
    </Filter>
    <Filter Include="2DGameFramework\image">
      <UniqueIdentifier>{161a019f-83fb-4aa5-a2bd-53b11c8888ac}</UniqueIdentifier>
    </Filter>
    <Filter Include="2DGameFramework\Utils">
      <UniqueIdentifier>{6649f313-dbf4-4ec9-afff-24f47b1a709e}</UniqueIdentifier>
    </Filter>
    <Filter Include="2DGameFramework\timer">
      <UniqueIdentifier>{903124e9-0a6f-4f4f-8a9b-cc25c6f3482b}</UniqueIdentifier>
    </Filter>
    <Filter Include="2DGameFramework\animation">
      <UniqueIdentifier>{206ac15a-4721-4c12-93be-e176c2715a13}</UniqueIdentifier>
    </Filter>
    <Filter Include="2DGameFramework\D2DRenderer">
      <UniqueIdentifier>{1f06f2e0-c3bd-4a9c-bad1-d0e16a21ee0c}</UniqueIdentifier>
    </Filter>
    <Filter Include="2DGameFramework\txtData">
      <UniqueIdentifier>{431e51a5-80a3-453e-b6b4-0a46c07862b8}</UniqueIdentifier>
    </Filter>
    <Filter Include="playGround\scense">
      <UniqueIdentifier>{426fb165-a329-4ada-b57f-1168590a3b52}</UniqueIdentifier>
    </Filter>
    <Filter Include="playGround\enemy">
      <UniqueIdentifier>{e4684141-29d3-4232-a63f-fcf269776547}</UniqueIdentifier>
    </Filter>
    <Filter Include="playGround\scense\FirstFloor">
      <UniqueIdentifier>{8699fed1-34ab-48d0-b379-7b2b0eb2e147}</UniqueIdentifier>
    </Filter>
    <Filter Include="playGround\Player">
      <UniqueIdentifier>{4a91c43e-7ad9-4995-a2ce-fd033b354cc8}</UniqueIdentifier>
    </Filter>
    <Filter Include="playGround\scense\OutSide">
      <UniqueIdentifier>{0ffc2cbd-5c2f-4f7e-a398-6479578dc068}</UniqueIdentifier>
    </Filter>
    <Filter Include="playGround\scense\BossStage">
      <UniqueIdentifier>{ff9ab335-7db2-4d63-a749-02e57289e09f}</UniqueIdentifier>
    </Filter>
    <Filter Include="playGround\scense\ThirdFloor">
      <UniqueIdentifier>{263c6fb6-01d9-4b42-b794-eb1390cc03e7}</UniqueIdentifier>
    </Filter>
    <Filter Include="playGround\scense\FithFloor">
      <UniqueIdentifier>{576a824b-273c-47f3-9614-7bb466fa792e}</UniqueIdentifier>
    </Filter>
    <Filter Include="playGround\UI">
      <UniqueIdentifier>{f0ac301e-1b59-41f2-a7c1-2a055aa60c5d}</UniqueIdentifier>
    </Filter>
    <Filter Include="playGround\temp">
      <UniqueIdentifier>{9bc06893-064c-481f-a77f-69e49c1f711f}</UniqueIdentifier>
    </Filter>
  </ItemGroup>
  <ItemGroup>
    <ClInclude Include="stdafx.h">
      <Filter>헤더 파일</Filter>
    </ClInclude>
    <ClInclude Include="targetver.h">
      <Filter>헤더 파일</Filter>
    </ClInclude>
    <ClInclude Include="Resource.h">
      <Filter>헤더 파일</Filter>
    </ClInclude>
    <ClInclude Include="windowsAPI.h">
      <Filter>헤더 파일</Filter>
    </ClInclude>
    <ClInclude Include="commonMacroFunction.h">
      <Filter>헤더 파일</Filter>
    </ClInclude>
    <ClInclude Include="gameNode.h">
      <Filter>2DGameFramework</Filter>
    </ClInclude>
    <ClInclude Include="singletonBase.h">
      <Filter>2DGameFramework\SingletonBase</Filter>
    </ClInclude>
    <ClInclude Include="randomFunction.h">
      <Filter>헤더 파일</Filter>
    </ClInclude>
    <ClInclude Include="keyManager.h">
      <Filter>2DGameFramework\Manager</Filter>
    </ClInclude>
    <ClInclude Include="image.h">
      <Filter>2DGameFramework\image</Filter>
    </ClInclude>
    <ClInclude Include="imageManager.h">
      <Filter>2DGameFramework\Manager</Filter>
    </ClInclude>
    <ClInclude Include="txtData.h">
      <Filter>2DGameFramework\txtData</Filter>
    </ClInclude>
    <ClInclude Include="timer.h">
      <Filter>2DGameFramework\timer</Filter>
    </ClInclude>
    <ClInclude Include="timeManager.h">
      <Filter>2DGameFramework\Manager</Filter>
    </ClInclude>
    <ClInclude Include="animation.h">
      <Filter>2DGameFramework\animation</Filter>
    </ClInclude>
    <ClInclude Include="soundManager.h">
      <Filter>2DGameFramework\Manager</Filter>
    </ClInclude>
    <ClInclude Include="sceneManager.h">
      <Filter>2DGameFramework\Manager</Filter>
    </ClInclude>
    <ClInclude Include="D2DRenderer.h">
      <Filter>2DGameFramework\D2DRenderer</Filter>
    </ClInclude>
    <ClInclude Include="LibraryHeader.h">
      <Filter>헤더 파일</Filter>
    </ClInclude>
    <ClInclude Include="Vector2.h">
      <Filter>2DGameFramework\Utils</Filter>
    </ClInclude>
    <ClInclude Include="FloatRect.h">
      <Filter>2DGameFramework\Utils</Filter>
    </ClInclude>
    <ClInclude Include="Figure.h">
      <Filter>2DGameFramework\Utils</Filter>
    </ClInclude>
    <ClInclude Include="FloatEllipse.h">
      <Filter>2DGameFramework\Utils</Filter>
    </ClInclude>
    <ClInclude Include="Triangle.h">
      <Filter>2DGameFramework\Utils</Filter>
    </ClInclude>
    <ClInclude Include="Line.h">
      <Filter>2DGameFramework\Utils</Filter>
    </ClInclude>
    <ClInclude Include="Math.h">
      <Filter>2DGameFramework\Utils</Filter>
    </ClInclude>
    <ClInclude Include="playGround.h">
      <Filter>playGround</Filter>
    </ClInclude>
    <ClInclude Include="mapTool.h">
      <Filter>playGround</Filter>
    </ClInclude>
    <ClInclude Include="boss.h">
      <Filter>playGround\enemy</Filter>
    </ClInclude>
    <ClInclude Include="bear.h">
      <Filter>playGround\enemy</Filter>
    </ClInclude>
    <ClInclude Include="skul.h">
      <Filter>playGround\enemy</Filter>
    </ClInclude>
    <ClInclude Include="CameraManager.h">
      <Filter>2DGameFramework\Manager</Filter>
    </ClInclude>
    <ClInclude Include="dictionary.h">
      <Filter>헤더 파일</Filter>
    </ClInclude>
    <ClInclude Include="frameInfoManager.h">
      <Filter>2DGameFramework\Manager</Filter>
    </ClInclude>
    <ClInclude Include="firstFloorStage.h">
      <Filter>playGround\scense\FirstFloor</Filter>
    </ClInclude>
    <ClInclude Include="status.h">
      <Filter>playGround</Filter>
    </ClInclude>
    <ClInclude Include="WALK.h">
      <Filter>playGround\Player</Filter>
    </ClInclude>
    <ClInclude Include="characterState.h">
      <Filter>playGround\Player</Filter>
    </ClInclude>
    <ClInclude Include="DASH.h">
      <Filter>playGround\Player</Filter>
    </ClInclude>
    <ClInclude Include="IDLE.h">
      <Filter>playGround\Player</Filter>
    </ClInclude>
    <ClInclude Include="StringHelper.h">
      <Filter>2DGameFramework\Utils</Filter>
    </ClInclude>
    <ClInclude Include="castlefront.h">
      <Filter>playGround\scense\OutSide</Filter>
    </ClInclude>
    <ClInclude Include="garDen.h">
      <Filter>playGround\scense\OutSide</Filter>
    </ClInclude>
    <ClInclude Include="garDenUnder.h">
      <Filter>playGround\scense\OutSide</Filter>
    </ClInclude>
    <ClInclude Include="bossStage.h">
      <Filter>playGround\scense\BossStage</Filter>
    </ClInclude>
    <ClInclude Include="astarTile.h">
      <Filter>2DGameFramework\Manager</Filter>
    </ClInclude>
    <ClInclude Include="bossStage_2.h">
      <Filter>playGround\scense\BossStage</Filter>
    </ClInclude>
    <ClInclude Include="hallway.h">
      <Filter>playGround\scense\FirstFloor</Filter>
    </ClInclude>
    <ClInclude Include="entrance.h">
      <Filter>playGround\scense\FirstFloor</Filter>
    </ClInclude>
    <ClInclude Include="entranceFake.h">
      <Filter>playGround\scense\FirstFloor</Filter>
    </ClInclude>
    <ClInclude Include="entranceTrap.h">
      <Filter>playGround\scense\FirstFloor</Filter>
    </ClInclude>
    <ClInclude Include="stageMemoryManager.h">
      <Filter>2DGameFramework\Manager</Filter>
    </ClInclude>
    <ClInclude Include="boxRoom.h">
      <Filter>playGround\scense\FirstFloor</Filter>
    </ClInclude>
    <ClInclude Include="scissorsRoom.h">
      <Filter>playGround\scense\FirstFloor</Filter>
    </ClInclude>
    <ClInclude Include="bearRoom.h">
      <Filter>playGround\scense\FirstFloor</Filter>
    </ClInclude>
    <ClInclude Include="thirdFrogRoom.h">
      <Filter>playGround\scense\ThirdFloor</Filter>
    </ClInclude>
    <ClInclude Include="prison_5f.h">
      <Filter>playGround\scense\FithFloor</Filter>
    </ClInclude>
    <ClInclude Include="prison_5f_skul.h">
      <Filter>playGround\scense\FithFloor</Filter>
    </ClInclude>
    <ClInclude Include="prison_5f_well.h">
      <Filter>playGround\scense\FithFloor</Filter>
    </ClInclude>
    <ClInclude Include="garden_5f.h">
      <Filter>playGround\scense\FithFloor</Filter>
    </ClInclude>
    <ClInclude Include="gardenToBoss_5f.h">
      <Filter>playGround\scense\FithFloor</Filter>
    </ClInclude>
    <ClInclude Include="fifthFloorStage.h">
      <Filter>playGround\scense\FithFloor</Filter>
    </ClInclude>
    <ClInclude Include="diningRoom_5f.h">
      <Filter>playGround\scense\FithFloor</Filter>
    </ClInclude>
    <ClInclude Include="DeadManager.h">
      <Filter>2DGameFramework\Manager</Filter>
    </ClInclude>
    <ClInclude Include="bossStage_3.h">
      <Filter>playGround\scense\BossStage</Filter>
    </ClInclude>
    <ClInclude Include="item.h">
      <Filter>playGround\Player</Filter>
    </ClInclude>
    <ClInclude Include="settings.h">
      <Filter>playGround\UI</Filter>
    </ClInclude>
    <ClInclude Include="sound.h">
      <Filter>playGround\UI</Filter>
    </ClInclude>
    <ClInclude Include="levelChoiceScene.h">
      <Filter>playGround\UI</Filter>
    </ClInclude>
    <ClInclude Include="textMananger.h">
      <Filter>2DGameFramework\Manager</Filter>
    </ClInclude>
    <ClInclude Include="bossStage_1.h">
      <Filter>playGround\scense\BossStage</Filter>
    </ClInclude>
    <ClInclude Include="bossStage_5.h">
      <Filter>playGround\scense\BossStage</Filter>
    </ClInclude>
    <ClInclude Include="bossStage_4.h">
      <Filter>playGround\scense\BossStage</Filter>
    </ClInclude>
    <ClInclude Include="thirdOnewayLoad.h">
      <Filter>playGround\scense\ThirdFloor</Filter>
    </ClInclude>
    <ClInclude Include="thirdFrogOutRoom.h">
      <Filter>playGround\scense\ThirdFloor</Filter>
    </ClInclude>
    <ClInclude Include="thirdSnakeRoom.h">
      <Filter>playGround\scense\ThirdFloor</Filter>
    </ClInclude>
    <ClInclude Include="thirdOnewayDead.h">
      <Filter>playGround\scense\ThirdFloor</Filter>
    </ClInclude>
    <ClInclude Include="thirdSnakeDead.h">
      <Filter>playGround\scense\ThirdFloor</Filter>
    </ClInclude>
    <ClInclude Include="thirdMain.h">
      <Filter>playGround\scense\ThirdFloor</Filter>
    </ClInclude>
    <ClInclude Include="thirdLibrary.h">
      <Filter>playGround\scense\ThirdFloor</Filter>
    </ClInclude>
    <ClInclude Include="zOrder.h">
      <Filter>2DGameFramework\Manager</Filter>
    </ClInclude>
    <ClInclude Include="StorageManager.h">
      <Filter>2DGameFramework\Manager</Filter>
    </ClInclude>
    <ClInclude Include="ItemManager.h">
      <Filter>2DGameFramework\Manager</Filter>
    </ClInclude>
    <ClInclude Include="menu.h">
      <Filter>playGround\temp</Filter>
    </ClInclude>
    <ClInclude Include="load.h">
      <Filter>playGround\temp</Filter>
    </ClInclude>
    <ClInclude Include="inMenu.h">
      <Filter>playGround\Player</Filter>
    </ClInclude>
    <ClInclude Include="Player.h">
      <Filter>playGround\Player</Filter>
    </ClInclude>
    <ClInclude Include="playerMenu.h">
      <Filter>playGround\temp</Filter>
    </ClInclude>
  </ItemGroup>
  <ItemGroup>
    <ClCompile Include="windowsAPI.cpp">
      <Filter>소스 파일</Filter>
    </ClCompile>
    <ClCompile Include="gameNode.cpp">
      <Filter>2DGameFramework</Filter>
    </ClCompile>
    <ClCompile Include="playGround.cpp">
      <Filter>playGround</Filter>
    </ClCompile>
    <ClCompile Include="keyManager.cpp">
      <Filter>2DGameFramework\Manager</Filter>
    </ClCompile>
    <ClCompile Include="image.cpp">
      <Filter>2DGameFramework\image</Filter>
    </ClCompile>
    <ClCompile Include="imageManager.cpp">
      <Filter>2DGameFramework\Manager</Filter>
    </ClCompile>
    <ClCompile Include="txtData.cpp">
      <Filter>2DGameFramework\txtData</Filter>
    </ClCompile>
    <ClCompile Include="timer.cpp">
      <Filter>2DGameFramework\timer</Filter>
    </ClCompile>
    <ClCompile Include="timeManager.cpp">
      <Filter>2DGameFramework\Manager</Filter>
    </ClCompile>
    <ClCompile Include="animation.cpp">
      <Filter>2DGameFramework\animation</Filter>
    </ClCompile>
    <ClCompile Include="soundManager.cpp">
      <Filter>2DGameFramework\Manager</Filter>
    </ClCompile>
    <ClCompile Include="sceneManager.cpp">
      <Filter>2DGameFramework\Manager</Filter>
    </ClCompile>
    <ClCompile Include="D2DRenderer.cpp">
      <Filter>2DGameFramework\D2DRenderer</Filter>
    </ClCompile>
    <ClCompile Include="D2DRenderer+Draw.cpp">
      <Filter>2DGameFramework\D2DRenderer</Filter>
    </ClCompile>
    <ClCompile Include="Vector2.cpp">
      <Filter>2DGameFramework\Utils</Filter>
    </ClCompile>
    <ClCompile Include="FloatRect.cpp">
      <Filter>2DGameFramework\Utils</Filter>
    </ClCompile>
    <ClCompile Include="stdafx.cpp">
      <Filter>헤더 파일</Filter>
    </ClCompile>
    <ClCompile Include="Figure.cpp">
      <Filter>2DGameFramework\Utils</Filter>
    </ClCompile>
    <ClCompile Include="FloatEllipse.cpp">
      <Filter>2DGameFramework\Utils</Filter>
    </ClCompile>
    <ClCompile Include="Triangle.cpp">
      <Filter>2DGameFramework\Utils</Filter>
    </ClCompile>
    <ClCompile Include="Line.cpp">
      <Filter>2DGameFramework\Utils</Filter>
    </ClCompile>
    <ClCompile Include="Math.cpp">
      <Filter>2DGameFramework\Utils</Filter>
    </ClCompile>
    <ClCompile Include="mapTool.cpp">
      <Filter>playGround</Filter>
    </ClCompile>
    <ClCompile Include="boss.cpp">
      <Filter>playGround\enemy</Filter>
    </ClCompile>
    <ClCompile Include="bear.cpp">
      <Filter>playGround\enemy</Filter>
    </ClCompile>
    <ClCompile Include="skul.cpp">
      <Filter>playGround\enemy</Filter>
    </ClCompile>
    <ClCompile Include="CameraManager.cpp">
      <Filter>2DGameFramework\Manager</Filter>
    </ClCompile>
    <ClCompile Include="frameInfoManager.cpp">
      <Filter>2DGameFramework\Manager</Filter>
    </ClCompile>
    <ClCompile Include="firstFloorStage.cpp">
      <Filter>playGround\scense\FirstFloor</Filter>
    </ClCompile>
    <ClCompile Include="status.cpp">
      <Filter>playGround</Filter>
    </ClCompile>
    <ClCompile Include="characterState.cpp">
      <Filter>playGround\Player</Filter>
    </ClCompile>
    <ClCompile Include="DASH.cpp">
      <Filter>playGround\Player</Filter>
    </ClCompile>
    <ClCompile Include="IDLE.cpp">
      <Filter>playGround\Player</Filter>
    </ClCompile>
    <ClCompile Include="WALK.cpp">
      <Filter>playGround\Player</Filter>
    </ClCompile>
    <ClCompile Include="StringHelper.cpp">
      <Filter>2DGameFramework\Utils</Filter>
    </ClCompile>
    <ClCompile Include="castlefront.cpp">
      <Filter>playGround\scense\OutSide</Filter>
    </ClCompile>
    <ClCompile Include="garDen.cpp">
      <Filter>playGround\scense\OutSide</Filter>
    </ClCompile>
    <ClCompile Include="garDenUnder.cpp">
      <Filter>playGround\scense\OutSide</Filter>
    </ClCompile>
    <ClCompile Include="bossStage.cpp">
      <Filter>playGround\scense\BossStage</Filter>
    </ClCompile>
    <ClCompile Include="astarTile.cpp">
      <Filter>2DGameFramework\Manager</Filter>
    </ClCompile>
    <ClCompile Include="bossStage_2.cpp">
      <Filter>playGround\scense\BossStage</Filter>
    </ClCompile>
    <ClCompile Include="hallway.cpp">
      <Filter>playGround\scense\FirstFloor</Filter>
    </ClCompile>
    <ClCompile Include="entrance.cpp">
      <Filter>playGround\scense\FirstFloor</Filter>
    </ClCompile>
    <ClCompile Include="entranceFake.cpp">
      <Filter>playGround\scense\FirstFloor</Filter>
    </ClCompile>
    <ClCompile Include="entranceTrap.cpp">
      <Filter>playGround\scense\FirstFloor</Filter>
    </ClCompile>
    <ClCompile Include="stageMemoryManager.cpp">
      <Filter>2DGameFramework\Manager</Filter>
    </ClCompile>
    <ClCompile Include="boxRoom.cpp">
      <Filter>playGround\scense\FirstFloor</Filter>
    </ClCompile>
    <ClCompile Include="scissorsRoom.cpp">
      <Filter>playGround\scense\FirstFloor</Filter>
    </ClCompile>
    <ClCompile Include="bearRoom.cpp">
      <Filter>playGround\scense\FirstFloor</Filter>
    </ClCompile>
    <ClCompile Include="thirdFrogRoom.cpp">
      <Filter>playGround\scense\ThirdFloor</Filter>
    </ClCompile>
    <ClCompile Include="prison_5f.cpp">
      <Filter>playGround\scense\FithFloor</Filter>
    </ClCompile>
    <ClCompile Include="prison_5f_skul.cpp">
      <Filter>playGround\scense\FithFloor</Filter>
    </ClCompile>
    <ClCompile Include="prison_5f_well.cpp">
      <Filter>playGround\scense\FithFloor</Filter>
    </ClCompile>
    <ClCompile Include="garden_5f.cpp">
      <Filter>playGround\scense\FithFloor</Filter>
    </ClCompile>
    <ClCompile Include="gardenToBoss_5f.cpp">
      <Filter>playGround\scense\FithFloor</Filter>
    </ClCompile>
    <ClCompile Include="fifthFloorStage.cpp">
      <Filter>playGround\scense\FithFloor</Filter>
    </ClCompile>
    <ClCompile Include="diningRoom_5f.cpp">
      <Filter>playGround\scense\FithFloor</Filter>
    </ClCompile>
    <ClCompile Include="DeadManager.cpp">
      <Filter>2DGameFramework\Manager</Filter>
    </ClCompile>
    <ClCompile Include="bossStage_3.cpp">
      <Filter>playGround\scense\BossStage</Filter>
    </ClCompile>
    <ClCompile Include="item.cpp">
      <Filter>playGround\Player</Filter>
    </ClCompile>
    <ClCompile Include="settings.cpp">
      <Filter>playGround\UI</Filter>
    </ClCompile>
    <ClCompile Include="sound.cpp">
      <Filter>playGround\UI</Filter>
    </ClCompile>
    <ClCompile Include="levelChoiceScene.cpp">
      <Filter>playGround\UI</Filter>
    </ClCompile>
    <ClCompile Include="textMananger.cpp">
      <Filter>2DGameFramework\Manager</Filter>
    </ClCompile>
    <ClCompile Include="bossStage_1.cpp">
      <Filter>playGround\scense\BossStage</Filter>
    </ClCompile>
    <ClCompile Include="bossStage_5.cpp">
      <Filter>playGround\scense\BossStage</Filter>
    </ClCompile>
    <ClCompile Include="bossStage_4.cpp">
      <Filter>playGround\scense\BossStage</Filter>
    </ClCompile>
    <ClCompile Include="thirdOnewayLoad.cpp">
      <Filter>playGround\scense\ThirdFloor</Filter>
    </ClCompile>
    <ClCompile Include="thirdFrogOutRoom.cpp">
      <Filter>playGround\scense\ThirdFloor</Filter>
    </ClCompile>
    <ClCompile Include="thirdSnakeRoom.cpp">
      <Filter>playGround\scense\ThirdFloor</Filter>
    </ClCompile>
    <ClCompile Include="thirdOnewayDead.cpp">
      <Filter>playGround\scense\ThirdFloor</Filter>
    </ClCompile>
    <ClCompile Include="thirdLibrary.cpp">
      <Filter>playGround\scense\ThirdFloor</Filter>
    </ClCompile>
    <ClCompile Include="thirdMain.cpp">
      <Filter>playGround\scense\ThirdFloor</Filter>
    </ClCompile>
    <ClCompile Include="thirdSnakeDead.cpp">
      <Filter>playGround\scense\ThirdFloor</Filter>
    </ClCompile>
    <ClCompile Include="zOrder.cpp">
      <Filter>2DGameFramework\Manager</Filter>
    </ClCompile>
    <ClCompile Include="StorageManager.cpp">
      <Filter>2DGameFramework\Manager</Filter>
    </ClCompile>
    <ClCompile Include="ItemManager.cpp">
      <Filter>2DGameFramework\Manager</Filter>
    </ClCompile>
    <ClCompile Include="menu.cpp">
      <Filter>playGround\temp</Filter>
    </ClCompile>
    <ClCompile Include="load.cpp">
      <Filter>playGround\temp</Filter>
    </ClCompile>
    <ClCompile Include="inMenu.cpp">
      <Filter>playGround\Player</Filter>
    </ClCompile>
    <ClCompile Include="Player.cpp">
      <Filter>playGround\Player</Filter>
    </ClCompile>
    <ClCompile Include="playerMenu.cpp">
      <Filter>playGround\temp</Filter>
    </ClCompile>
  </ItemGroup>
  <ItemGroup>
    <ResourceCompile Include="windowsAPI.rc">
      <Filter>리소스 파일</Filter>
    </ResourceCompile>
  </ItemGroup>
  <ItemGroup>
    <Image Include="small.ico">
      <Filter>리소스 파일</Filter>
    </Image>
    <Image Include="windowsAPI.ico">
      <Filter>리소스 파일</Filter>
    </Image>
  </ItemGroup>
</Project>